
Microsoft Visual Studio Solution File, Format Version 12.00
# Visual Studio Version 17
VisualStudioVersion = 17.2.32516.85
MinimumVisualStudioVersion = 10.0.40219.1
Project("{FAE04EC0-301F-11D3-BF4B-00C04F79EFBC}") = "Tester.Core", "Tester.Core\Tester.Core.csproj", "{134EFC46-7AEE-4187-A9AC-D726FE2CF31F}"
EndProject
Project("{FAE04EC0-301F-11D3-BF4B-00C04F79EFBC}") = "Tester.XUnit", "Tester.XUnit\Tester.XUnit.csproj", "{2FC9214C-7BFA-42FD-8337-F7F0D35D123A}"
EndProject
Project("{FAE04EC0-301F-11D3-BF4B-00C04F79EFBC}") = "Tester.MSTest", "Tester.MSTest\Tester.MSTest.csproj", "{EEC2A7DE-96FA-4782-B0AC-5F2920A24EB3}"
EndProject
Global
	GlobalSection(SolutionConfigurationPlatforms) = preSolution
		Debug|Any CPU = Debug|Any CPU
		Release|Any CPU = Release|Any CPU
	EndGlobalSection
	GlobalSection(ProjectConfigurationPlatforms) = postSolution
		{134EFC46-7AEE-4187-A9AC-D726FE2CF31F}.Debug|Any CPU.ActiveCfg = Debug|Any CPU
		{134EFC46-7AEE-4187-A9AC-D726FE2CF31F}.Debug|Any CPU.Build.0 = Debug|Any CPU
		{134EFC46-7AEE-4187-A9AC-D726FE2CF31F}.Release|Any CPU.ActiveCfg = Release|Any CPU
		{134EFC46-7AEE-4187-A9AC-D726FE2CF31F}.Release|Any CPU.Build.0 = Release|Any CPU
		{2FC9214C-7BFA-42FD-8337-F7F0D35D123A}.Debug|Any CPU.ActiveCfg = Debug|Any CPU
		{2FC9214C-7BFA-42FD-8337-F7F0D35D123A}.Debug|Any CPU.Build.0 = Debug|Any CPU
		{2FC9214C-7BFA-42FD-8337-F7F0D35D123A}.Release|Any CPU.ActiveCfg = Release|Any CPU
		{2FC9214C-7BFA-42FD-8337-F7F0D35D123A}.Release|Any CPU.Build.0 = Release|Any CPU
		{EEC2A7DE-96FA-4782-B0AC-5F2920A24EB3}.Debug|Any CPU.ActiveCfg = Debug|Any CPU
		{EEC2A7DE-96FA-4782-B0AC-5F2920A24EB3}.Debug|Any CPU.Build.0 = Debug|Any CPU
		{EEC2A7DE-96FA-4782-B0AC-5F2920A24EB3}.Release|Any CPU.ActiveCfg = Release|Any CPU
		{EEC2A7DE-96FA-4782-B0AC-5F2920A24EB3}.Release|Any CPU.Build.0 = Release|Any CPU
	EndGlobalSection
	GlobalSection(SolutionProperties) = preSolution
		HideSolutionNode = FALSE
	EndGlobalSection
	GlobalSection(ExtensibilityGlobals) = postSolution
		SolutionGuid = {1D7B7EDE-10A5-4D3A-B84C-0EE05B93C4DC}
	EndGlobalSection
EndGlobal
